PODS:
  - Differentiator (4.0.1)
  - ReactiveObjC (3.1.1)
  - RxCocoa (5.0.0):
    - RxRelay (~> 5)
    - RxSwift (~> 5)
  - RxDataSources (4.0.1):
    - Differentiator (~> 4.0)
    - RxCocoa (~> 5.0)
    - RxSwift (~> 5.0)
  - RxMKMapView (5.0.0):
    - RxCocoa (~> 5.0)
    - RxSwift (~> 5.0)
  - RxReactiveObjC (1.0.0):
    - ReactiveObjC (>= 3.1.0)
    - RxReactiveObjC/Core (= 1.0.0)
    - RxReactiveObjC/DataSource (= 1.0.0)
    - RxReactiveObjC/MapKit (= 1.0.0)
    - RxSwift (~> 5)
  - RxReactiveObjC/Core (1.0.0):
    - ReactiveObjC (>= 3.1.0)
    - RxSwift (~> 5)
  - RxReactiveObjC/CoreTests (1.0.0):
    - ReactiveObjC (>= 3.1.0)
    - RxReactiveObjC/Core
    - RxSwift (~> 5)
  - RxReactiveObjC/DataSource (1.0.0):
    - ReactiveObjC (>= 3.1.0)
    - RxDataSources
    - RxReactiveObjC/Core
    - RxSwift (~> 5)
  - RxReactiveObjC/MapKit (1.0.0):
    - ReactiveObjC (>= 3.1.0)
    - RxMKMapView
    - RxReactiveObjC/Core
    - RxSwift (~> 5)
  - RxRelay (5.0.0):
    - RxSwift (~> 5)
  - RxSwift (5.0.0)
  - SwiftLint (0.34.0)

DEPENDENCIES:
  - ReactiveObjC
  - RxReactiveObjC (from `./`)
  - RxReactiveObjC/CoreTests (from `./`)
  - RxSwift
  - SwiftLint

SPEC REPOS:
  https://cdn.cocoapods.org/:
    - Differentiator
    - ReactiveObjC
    - RxCocoa
    - RxDataSources
    - RxMKMapView
    - RxRelay
    - RxSwift
    - SwiftLint

EXTERNAL SOURCES:
  RxReactiveObjC:
    :path: "./"

SPEC CHECKSUMS:
  Differentiator: 886080237d9f87f322641dedbc5be257061b0602
  ReactiveObjC: 011caa393aa0383245f2dcf9bf02e86b80b36040
  RxCocoa: fcf32050ac00d801f34a7f71d5e8e7f23026dcd8
  RxDataSources: efee07fa4de48477eca0a4611e6d11e2da9c1114
  RxMKMapView: 7b19fc545887314851ea67b12193bc8c6004dcb5
  RxReactiveObjC: deec7f3484fae893ff92a9f5e42a74f00a3494bf
  RxRelay: 4f7409406a51a55cd88483f21ed898c234d60f18
  RxSwift: 8b0671caa829a763bbce7271095859121cbd895f
  SwiftLint: 79d48a17c6565dc286c37efb8322c7b450f95c67

PODFILE CHECKSUM: ae49ed349fe3a6bbb83dd8bc91ebdb08061c2d52

COCOAPODS: 1.7.5
